
Microsoft Visual Studio Solution File, Format Version 12.00
# Visual Studio Version 17
VisualStudioVersion = 17.8.34322.80
MinimumVisualStudioVersion = 10.0.40219.1
Project("{FAE04EC0-301F-11D3-BF4B-00C04F79EFBC}") = "Lab3", "Lab3\Lab3.csproj", "{BAABC7DF-CE20-4B43-9216-84FAC54C5FED}"
EndProject
Global
	GlobalSection(SolutionConfigurationPlatforms) = preSolution
		Debug|Any CPU = Debug|Any CPU
		Release|Any CPU = Release|Any CPU
	EndGlobalSection
	GlobalSection(ProjectConfigurationPlatforms) = postSolution
		{BAABC7DF-CE20-4B43-9216-84FAC54C5FED}.Debug|Any CPU.ActiveCfg = Debug|Any CPU
		{BAABC7DF-CE20-4B43-9216-84FAC54C5FED}.Debug|Any CPU.Build.0 = Debug|Any CPU
		{BAABC7DF-CE20-4B43-9216-84FAC54C5FED}.Release|Any CPU.ActiveCfg = Release|Any CPU
		{BAABC7DF-CE20-4B43-9216-84FAC54C5FED}.Release|Any CPU.Build.0 = Release|Any CPU
	EndGlobalSection
	GlobalSection(SolutionProperties) = preSolution
		HideSolutionNode = FALSE
	EndGlobalSection
	GlobalSection(ExtensibilityGlobals) = postSolution
		SolutionGuid = {CE8CBCA4-5581-417F-BF3D-5363C56887BC}
	EndGlobalSection
EndGlobal
